
Microsoft Visual Studio Solution File, Format Version 12.00
# Visual Studio Version 17
VisualStudioVersion = 17.14.36511.14 d17.14
MinimumVisualStudioVersion = 10.0.40219.1
Project("{FAE04EC0-301F-11D3-BF4B-00C04F79EFBC}") = "WMSProject", "WMSProject.csproj", "{3AB23438-8E2F-444B-AEB8-F72EF03EE9CE}"
EndProject
Global
	GlobalSection(SolutionConfigurationPlatforms) = preSolution
		Debug|Any CPU = Debug|Any CPU
		Release|Any CPU = Release|Any CPU
	EndGlobalSection
	GlobalSection(ProjectConfigurationPlatforms) = postSolution
		{3AB23438-8E2F-444B-AEB8-F72EF03EE9CE}.Debug|Any CPU.ActiveCfg = Debug|Any CPU
		{3AB23438-8E2F-444B-AEB8-F72EF03EE9CE}.Debug|Any CPU.Build.0 = Debug|Any CPU
		{3AB23438-8E2F-444B-AEB8-F72EF03EE9CE}.Release|Any CPU.ActiveCfg = Release|Any CPU
		{3AB23438-8E2F-444B-AEB8-F72EF03EE9CE}.Release|Any CPU.Build.0 = Release|Any CPU
	EndGlobalSection
	GlobalSection(SolutionProperties) = preSolution
		HideSolutionNode = FALSE
	EndGlobalSection
	GlobalSection(ExtensibilityGlobals) = postSolution
		SolutionGuid = {3148F6F5-6349-4C2C-8CFD-C113E4FE09CB}
	EndGlobalSection
EndGlobal
